<?xml version="1.0" encoding="utf-8"?>
<Project ToolsVersion="4.0" xmlns="http://schemas.microsoft.com/developer/msbuild/2003">
  <ItemGroup>
    <ClCompile Include="main.cpp">
      <Filter>Source Files</Filter>
    </ClCompile>
    <ClCompile Include="utils.cpp">
      <Filter>Class Files</Filter>
    </ClCompile>
    <ClCompile Include="DrawingWidget.cpp">
      <Filter>Class Files\UI</Filter>
    </ClCompile>
    <ClCompile Include="Game.cpp">
      <Filter>Class Files\UI</Filter>
    </ClCompile>
    <ClCompile Include="Lobby.cpp">
      <Filter>Class Files\UI</Filter>
    </ClCompile>
    <ClCompile Include="LoginForm.cpp">
      <Filter>Class Files\UI</Filter>
    </ClCompile>
    <ClCompile Include="MainWindow.cpp">
      <Filter>Class Files\UI</Filter>
    </ClCompile>
    <ClCompile Include="Menu.cpp">
      <Filter>Class Files\UI</Filter>
    </ClCompile>
    <ClCompile Include="RegisterForm.cpp">
      <Filter>Class Files\UI</Filter>
    </ClCompile>
    <ClCompile Include="ServerConnectForm.cpp">
      <Filter>Class Files\UI</Filter>
    </ClCompile>
    <ClCompile Include="NetworkWorker.cpp">
      <Filter>Class Files</Filter>
    </ClCompile>
    <ClCompile Include="ChatManager.cpp">
      <Filter>Class Files\Managers</Filter>
    </ClCompile>
    <ClCompile Include="DrawingToolsUIManager.cpp">
      <Filter>Class Files\Managers</Filter>
    </ClCompile>
    <ClCompile Include="GameStateManager.cpp">
      <Filter>Class Files\Managers</Filter>
    </ClCompile>
    <ClCompile Include="GameTimerManager.cpp">
      <Filter>Class Files\Managers</Filter>
    </ClCompile>
    <ClCompile Include="PlayerDisplayManager.cpp">
      <Filter>Class Files\Managers</Filter>
    </ClCompile>
    <ClCompile Include="RoutingManager.cpp">
      <Filter>Class Files\Managers</Filter>
    </ClCompile>
    <ClCompile Include="RoomUpdateHandler.cpp">
      <Filter>Class Files\Handlers</Filter>
    </ClCompile>
    <ClCompile Include="ConnectionSetup.cpp">
      <Filter>Class Files\Configs</Filter>
    </ClCompile>
    <ClCompile Include="GameUIConfigurator.cpp">
      <Filter>Class Files\Configs</Filter>
    </ClCompile>
  </ItemGroup>
  <ItemGroup>
    <Filter Include="Class Files">
      <UniqueIdentifier>{2d18b601-f30b-41f7-afe1-dfa041b46a7f}</UniqueIdentifier>
    </Filter>
    <Filter Include="Form Files">
      <UniqueIdentifier>{a5d708fe-807f-426f-a254-947a5fe10108}</UniqueIdentifier>
    </Filter>
    <Filter Include="Header Files">
      <UniqueIdentifier>{3a994a62-0531-4d3a-97d5-ebcf5dd6084b}</UniqueIdentifier>
    </Filter>
    <Filter Include="Source Files">
      <UniqueIdentifier>{21e1be42-be5d-4e07-ac6d-73133559df03}</UniqueIdentifier>
    </Filter>
    <Filter Include="Resource Files">
      <UniqueIdentifier>{1117ac19-c7f4-42ea-81c2-3000ea077944}</UniqueIdentifier>
    </Filter>
    <Filter Include="Header Files\UI">
      <UniqueIdentifier>{65ca37c2-bf1d-4d8c-880a-83ae7b6ed293}</UniqueIdentifier>
    </Filter>
    <Filter Include="Class Files\UI">
      <UniqueIdentifier>{e38994e0-b95d-40c3-8db6-6addbd2b85f8}</UniqueIdentifier>
    </Filter>
    <Filter Include="Header Files\Managers">
      <UniqueIdentifier>{2835284b-d35b-4401-8777-0cbb8f722f99}</UniqueIdentifier>
    </Filter>
    <Filter Include="Header Files\Handlers">
      <UniqueIdentifier>{b9e084de-7dae-459e-bdf3-315da5ae1cc8}</UniqueIdentifier>
    </Filter>
    <Filter Include="Header Files\Configs">
      <UniqueIdentifier>{1851856f-1a79-4955-bfe7-94f90f72fbc3}</UniqueIdentifier>
    </Filter>
    <Filter Include="Class Files\Handlers">
      <UniqueIdentifier>{9131e2d2-47e6-4fc7-94c9-0a6e0c8644a5}</UniqueIdentifier>
    </Filter>
    <Filter Include="Class Files\Managers">
      <UniqueIdentifier>{d20f06d3-ae78-418f-95fa-e45559b12672}</UniqueIdentifier>
    </Filter>
    <Filter Include="Class Files\Configs">
      <UniqueIdentifier>{2d26e298-7c26-4ee6-b039-4554c261da83}</UniqueIdentifier>
    </Filter>
  </ItemGroup>
  <ItemGroup>
    <QtMoc Include="DrawingWidget.h">
      <Filter>Header Files\UI</Filter>
    </QtMoc>
    <QtMoc Include="Game.h">
      <Filter>Header Files\UI</Filter>
    </QtMoc>
    <QtMoc Include="Lobby.h">
      <Filter>Header Files\UI</Filter>
    </QtMoc>
    <QtMoc Include="LoginForm.h">
      <Filter>Header Files\UI</Filter>
    </QtMoc>
    <QtMoc Include="MainWindow.h">
      <Filter>Header Files\UI</Filter>
    </QtMoc>
    <QtMoc Include="Menu.h">
      <Filter>Header Files\UI</Filter>
    </QtMoc>
    <QtMoc Include="RegisterForm.h">
      <Filter>Header Files\UI</Filter>
    </QtMoc>
    <QtMoc Include="ServerConnectForm.h">
      <Filter>Header Files\UI</Filter>
    </QtMoc>
    <QtMoc Include="NetworkWorker.h">
      <Filter>Header Files</Filter>
    </QtMoc>
    <QtMoc Include="GameTimerManager.h">
      <Filter>Header Files\Managers</Filter>
    </QtMoc>
    <QtMoc Include="RoomUpdateHandler.h">
      <Filter>Header Files\Handlers</Filter>
    </QtMoc>
  </ItemGroup>
  <ItemGroup>
    <QtUic Include="LoginForm.ui">
      <Filter>Form Files</Filter>
    </QtUic>
    <QtUic Include="RegisterForm.ui">
      <Filter>Form Files</Filter>
    </QtUic>
    <QtUic Include="Menu.ui">
      <Filter>Form Files</Filter>
    </QtUic>
    <QtUic Include="Game.ui">
      <Filter>Form Files</Filter>
    </QtUic>
    <QtUic Include="Lobby.ui">
      <Filter>Form Files</Filter>
    </QtUic>
    <QtUic Include="ServerConnectForm.ui">
      <Filter>Form Files</Filter>
    </QtUic>
  </ItemGroup>
  <ItemGroup>
    <QtRcc Include="background.qrc">
      <Filter>Resource Files</Filter>
    </QtRcc>
  </ItemGroup>
  <ItemGroup>
    <ClInclude Include="utils.h">
      <Filter>Header Files</Filter>
    </ClInclude>
    <ClInclude Include="PlayerDisplayManager.h">
      <Filter>Header Files\Managers</Filter>
    </ClInclude>
    <ClInclude Include="RoutingManager.h">
      <Filter>Header Files\Managers</Filter>
    </ClInclude>
    <ClInclude Include="GameStateManager.h">
      <Filter>Header Files\Managers</Filter>
    </ClInclude>
    <ClInclude Include="DrawingToolsUIManager.h">
      <Filter>Header Files\Managers</Filter>
    </ClInclude>
    <ClInclude Include="ChatManager.h">
      <Filter>Header Files\Managers</Filter>
    </ClInclude>
    <ClInclude Include="GameUIConfigurator.h">
      <Filter>Header Files\Configs</Filter>
    </ClInclude>
    <ClInclude Include="ConnectionSetup.h">
      <Filter>Header Files\Configs</Filter>
    </ClInclude>
  </ItemGroup>
</Project>