<?xml version="1.0" encoding="utf-8"?>
<Project ToolsVersion="4.0" xmlns="http://schemas.microsoft.com/developer/msbuild/2003">
  <ItemGroup>
    <ClCompile Include="LoginForm.cpp">
      <Filter>Class Files</Filter>
    </ClCompile>
    <ClCompile Include="main.cpp">
      <Filter>Source Files</Filter>
    </ClCompile>
    <ClCompile Include="RegisterForm.cpp">
      <Filter>Class Files</Filter>
    </ClCompile>
    <ClCompile Include="utils.cpp">
      <Filter>Class Files</Filter>
    </ClCompile>
    <ClCompile Include="Game.cpp">
      <Filter>Class Files</Filter>
    </ClCompile>
    <ClCompile Include="DrawingWidget.cpp">
      <Filter>Class Files</Filter>
    </ClCompile>
    <ClCompile Include="Lobby.cpp">
      <Filter>Class Files</Filter>
    </ClCompile>
    <ClCompile Include="Menu.cpp">
      <Filter>Class Files</Filter>
    </ClCompile>
    <ClCompile Include="ServerConnectForm.cpp">
      <Filter>Class Files</Filter>
    </ClCompile>
  </ItemGroup>
  <ItemGroup>
    <Filter Include="Class Files">
      <UniqueIdentifier>{2d18b601-f30b-41f7-afe1-dfa041b46a7f}</UniqueIdentifier>
    </Filter>
    <Filter Include="Form Files">
      <UniqueIdentifier>{a5d708fe-807f-426f-a254-947a5fe10108}</UniqueIdentifier>
    </Filter>
    <Filter Include="Header Files">
      <UniqueIdentifier>{3a994a62-0531-4d3a-97d5-ebcf5dd6084b}</UniqueIdentifier>
    </Filter>
    <Filter Include="Source Files">
      <UniqueIdentifier>{21e1be42-be5d-4e07-ac6d-73133559df03}</UniqueIdentifier>
    </Filter>
    <Filter Include="Resource Files">
      <UniqueIdentifier>{1117ac19-c7f4-42ea-81c2-3000ea077944}</UniqueIdentifier>
    </Filter>
  </ItemGroup>
  <ItemGroup>
    <QtMoc Include="LoginForm.h">
      <Filter>Header Files</Filter>
    </QtMoc>
    <QtMoc Include="RegisterForm.h">
      <Filter>Header Files</Filter>
    </QtMoc>
    <QtMoc Include="Menu.h">
      <Filter>Header Files</Filter>
    </QtMoc>
    <QtMoc Include="Game.h">
      <Filter>Header Files</Filter>
    </QtMoc>
    <QtMoc Include="DrawingWidget.h">
      <Filter>Header Files</Filter>
    </QtMoc>
    <QtMoc Include="Lobby.h">
      <Filter>Header Files</Filter>
    </QtMoc>
    <QtMoc Include="ServerConnectForm.h">
      <Filter>Header Files</Filter>
    </QtMoc>
  </ItemGroup>
  <ItemGroup>
    <QtUic Include="LoginForm.ui">
      <Filter>Form Files</Filter>
    </QtUic>
    <QtUic Include="RegisterForm.ui">
      <Filter>Form Files</Filter>
    </QtUic>
    <QtUic Include="Menu.ui">
      <Filter>Form Files</Filter>
    </QtUic>
    <QtUic Include="Game.ui">
      <Filter>Form Files</Filter>
    </QtUic>
    <QtUic Include="Lobby.ui">
      <Filter>Form Files</Filter>
    </QtUic>
    <QtUic Include="ServerConnectForm.ui">
      <Filter>Form Files</Filter>
    </QtUic>
  </ItemGroup>
  <ItemGroup>
    <QtRcc Include="background.qrc">
      <Filter>Resource Files</Filter>
    </QtRcc>
  </ItemGroup>
  <ItemGroup>
    <ClInclude Include="utils.h">
      <Filter>Header Files</Filter>
    </ClInclude>
  </ItemGroup>
</Project>